
Microsoft Visual Studio Solution File, Format Version 12.00
# Visual Studio Version 16
VisualStudioVersion = 25.0.1705.2
MinimumVisualStudioVersion = 10.0.40219.1
Project("{FAE04EC0-301F-11D3-BF4B-00C04F79EFBC}") = "Disaheim", "Disaheim.csproj", "{8B8F0E5F-9500-4C9B-9C05-0B1B871F1B0A}"
EndProject
Project("{FAE04EC0-301F-11D3-BF4B-00C04F79EFBC}") = "DisaheimTest", "..\DisaheimTest\DisaheimTest.csproj", "{64CDE8E9-A4D8-415F-9E01-F5E9408A2CC3}"
EndProject
Global
	GlobalSection(SolutionConfigurationPlatforms) = preSolution
		Debug|Any CPU = Debug|Any CPU
		Release|Any CPU = Release|Any CPU
	EndGlobalSection
	GlobalSection(ProjectConfigurationPlatforms) = postSolution
		{8B8F0E5F-9500-4C9B-9C05-0B1B871F1B0A}.Debug|Any CPU.ActiveCfg = Debug|Any CPU
		{8B8F0E5F-9500-4C9B-9C05-0B1B871F1B0A}.Debug|Any CPU.Build.0 = Debug|Any CPU
		{8B8F0E5F-9500-4C9B-9C05-0B1B871F1B0A}.Release|Any CPU.ActiveCfg = Release|Any CPU
		{8B8F0E5F-9500-4C9B-9C05-0B1B871F1B0A}.Release|Any CPU.Build.0 = Release|Any CPU
		{64CDE8E9-A4D8-415F-9E01-F5E9408A2CC3}.Debug|Any CPU.ActiveCfg = Debug|Any CPU
		{64CDE8E9-A4D8-415F-9E01-F5E9408A2CC3}.Debug|Any CPU.Build.0 = Debug|Any CPU
		{64CDE8E9-A4D8-415F-9E01-F5E9408A2CC3}.Release|Any CPU.ActiveCfg = Release|Any CPU
		{64CDE8E9-A4D8-415F-9E01-F5E9408A2CC3}.Release|Any CPU.Build.0 = Release|Any CPU
	EndGlobalSection
	GlobalSection(SolutionProperties) = preSolution
		HideSolutionNode = FALSE
	EndGlobalSection
	GlobalSection(ExtensibilityGlobals) = postSolution
		SolutionGuid = {E15134CD-82D0-4E4A-A63F-ED60345792B6}
	EndGlobalSection
EndGlobal
